
Microsoft Visual Studio Solution File, Format Version 12.00
# Visual Studio 15
VisualStudioVersion = 15.0.28307.645
MinimumVisualStudioVersion = 10.0.40219.1
Project("{2150E333-8FDC-42A3-9474-1A3956D46DE8}") = "Microservices", "Microservices", "{9B9DBFE5-F87F-4388-B3D7-27AF31924B06}"
EndProject
Project("{2150E333-8FDC-42A3-9474-1A3956D46DE8}") = "Domain", "Domain", "{D46F6D0C-DC71-4244-86C8-D6D2FC4580C5}"
EndProject
Project("{2150E333-8FDC-42A3-9474-1A3956D46DE8}") = "Infrastructure.Bus", "Infrastructure.Bus", "{84C9E772-ECEF-4B08-8420-509E6D46C313}"
EndProject
Project("{2150E333-8FDC-42A3-9474-1A3956D46DE8}") = "Infrastructure.IoC", "Infrastructure.IoC", "{1596C15E-B2A2-4A2B-A9B5-EDEFA05DD67D}"
EndProject
Project("{2150E333-8FDC-42A3-9474-1A3956D46DE8}") = "Presentation", "Presentation", "{D6E6BC51-66E6-4B57-9FC0-533ACEC42454}"
EndProject
Project("{9A19103F-16F7-4668-BE54-9A1E7A4F7556}") = "MicroservicesRabbit.Domain.Core", "Domain\MicroservicesRabbit.Domain.Core\MicroservicesRabbit.Domain.Core.csproj", "{ACB3B4EE-FBD4-479B-9F72-602D27339C28}"
EndProject
Project("{9A19103F-16F7-4668-BE54-9A1E7A4F7556}") = "MicroservicesRabbit.Infra.Bus", "Infrastructure.Bus\MicroservicesRabbit.Infra.Bus\MicroservicesRabbit.Infra.Bus.csproj", "{54E1163A-A8A4-4C48-92EA-9A757F88035F}"
EndProject
Project("{9A19103F-16F7-4668-BE54-9A1E7A4F7556}") = "MicroServicesRabbit.Infra.IoC", "Infrastructure.IoC\MicroServicesRabbit.Infra.IoC\MicroServicesRabbit.Infra.IoC.csproj", "{359EAC10-E33B-42A6-AA76-6B0BE88572D4}"
EndProject
Project("{2150E333-8FDC-42A3-9474-1A3956D46DE8}") = "Banking", "Banking", "{6DC976FF-7F69-47F5-9579-DE11B6F30924}"
EndProject
Project("{2150E333-8FDC-42A3-9474-1A3956D46DE8}") = "API", "API", "{5901534B-7F9C-4497-B4A9-158F4DD1A23A}"
EndProject
Project("{2150E333-8FDC-42A3-9474-1A3956D46DE8}") = "Domain", "Domain", "{BFE312F6-0AAD-4C96-9A55-0F1C93266133}"
EndProject
Project("{2150E333-8FDC-42A3-9474-1A3956D46DE8}") = "Application", "Application", "{EBA5B476-4381-4496-8DE1-7D88D56E5267}"
EndProject
Project("{2150E333-8FDC-42A3-9474-1A3956D46DE8}") = "Data", "Data", "{E4BF213A-4A4E-40DA-A83E-B7C24E69BEAD}"
EndProject
Project("{9A19103F-16F7-4668-BE54-9A1E7A4F7556}") = "MicroServicesRabbit.Banking.API", "Microservices\Banking\MicroServicesRabbit.Banking.API\MicroServicesRabbit.Banking.API.csproj", "{098AECC1-143B-4547-ABA2-8ABEBE141D13}"
EndProject
Project("{9A19103F-16F7-4668-BE54-9A1E7A4F7556}") = "MicroServicesRabbit.Banking.App", "Microservices\Banking\MicroServicesRabbit.Banking.App\MicroServicesRabbit.Banking.App.csproj", "{EAEDE208-5389-4D00-BFB0-87966212A2CB}"
EndProject
Project("{9A19103F-16F7-4668-BE54-9A1E7A4F7556}") = "MicroServicesRabbit.Banking.Data", "Microservices\Banking\MicroServicesRabbit.Banking.Data\MicroServicesRabbit.Banking.Data.csproj", "{955AC7BC-2154-42DE-BD77-313BBA1C93BB}"
EndProject
Project("{9A19103F-16F7-4668-BE54-9A1E7A4F7556}") = "MicroServicesRabbit.Banking.Domain", "Microservices\Banking\MicroServicesRabbit.Banking.Domain\MicroServicesRabbit.Banking.Domain.csproj", "{A3CC8D25-62FB-4EF7-A074-9E3569608635}"
EndProject
Project("{2150E333-8FDC-42A3-9474-1A3956D46DE8}") = "Transfer", "Transfer", "{562A5396-7AD5-41B3-B16D-0482868E9340}"
EndProject
Project("{2150E333-8FDC-42A3-9474-1A3956D46DE8}") = "API", "API", "{5DBF8134-A729-447F-B04E-C54D468C2B86}"
EndProject
Project("{2150E333-8FDC-42A3-9474-1A3956D46DE8}") = "Application", "Application", "{73D4E07D-F875-4675-9212-D86DCB356F76}"
EndProject
Project("{2150E333-8FDC-42A3-9474-1A3956D46DE8}") = "Data", "Data", "{128E4816-B4EC-406F-98C3-3A0DBD8D8A5D}"
EndProject
Project("{2150E333-8FDC-42A3-9474-1A3956D46DE8}") = "Domain", "Domain", "{8855C2F3-96FE-48F5-83A5-CAA2A351D54E}"
EndProject
Project("{FAE04EC0-301F-11D3-BF4B-00C04F79EFBC}") = "MicroServicesRabbit.Transfer.API", "Microservices\Transfer\MicroServicesRabbit.Transfer.API\MicroServicesRabbit.Transfer.API.csproj", "{BFA59496-08C4-4D41-B57A-67C2AA92867E}"
EndProject
Project("{FAE04EC0-301F-11D3-BF4B-00C04F79EFBC}") = "MicroServicesRabbit.Transfer.App", "Microservices\Transfer\MicroServicesRabbit.Transfer.App\MicroServicesRabbit.Transfer.App.csproj", "{0CC2050D-D196-42BD-A9E8-1BB11EFAC86C}"
EndProject
Project("{FAE04EC0-301F-11D3-BF4B-00C04F79EFBC}") = "MicroServicesRabbit.Transfer.Domain", "Microservices\Transfer\MicroServicesRabbit.Transfer.Domain\MicroServicesRabbit.Transfer.Domain.csproj", "{B11FA205-983E-4989-AD4C-45C84A7C5A61}"
EndProject
Project("{FAE04EC0-301F-11D3-BF4B-00C04F79EFBC}") = "MicroServicesRabbit.Transfer.Data", "Microservices\Transfer\MicroServicesRabbit.Transfer.Data\MicroServicesRabbit.Transfer.Data.csproj", "{F779A302-6B37-4FF1-80A4-E26782DFD7D2}"
EndProject
Global
	GlobalSection(SolutionConfigurationPlatforms) = preSolution
		Debug|Any CPU = Debug|Any CPU
		Release|Any CPU = Release|Any CPU
	EndGlobalSection
	GlobalSection(ProjectConfigurationPlatforms) = postSolution
		{ACB3B4EE-FBD4-479B-9F72-602D27339C28}.Debug|Any CPU.ActiveCfg = Debug|Any CPU
		{ACB3B4EE-FBD4-479B-9F72-602D27339C28}.Debug|Any CPU.Build.0 = Debug|Any CPU
		{ACB3B4EE-FBD4-479B-9F72-602D27339C28}.Release|Any CPU.ActiveCfg = Release|Any CPU
		{ACB3B4EE-FBD4-479B-9F72-602D27339C28}.Release|Any CPU.Build.0 = Release|Any CPU
		{54E1163A-A8A4-4C48-92EA-9A757F88035F}.Debug|Any CPU.ActiveCfg = Debug|Any CPU
		{54E1163A-A8A4-4C48-92EA-9A757F88035F}.Debug|Any CPU.Build.0 = Debug|Any CPU
		{54E1163A-A8A4-4C48-92EA-9A757F88035F}.Release|Any CPU.ActiveCfg = Release|Any CPU
		{54E1163A-A8A4-4C48-92EA-9A757F88035F}.Release|Any CPU.Build.0 = Release|Any CPU
		{359EAC10-E33B-42A6-AA76-6B0BE88572D4}.Debug|Any CPU.ActiveCfg = Debug|Any CPU
		{359EAC10-E33B-42A6-AA76-6B0BE88572D4}.Debug|Any CPU.Build.0 = Debug|Any CPU
		{359EAC10-E33B-42A6-AA76-6B0BE88572D4}.Release|Any CPU.ActiveCfg = Release|Any CPU
		{359EAC10-E33B-42A6-AA76-6B0BE88572D4}.Release|Any CPU.Build.0 = Release|Any CPU
		{098AECC1-143B-4547-ABA2-8ABEBE141D13}.Debug|Any CPU.ActiveCfg = Debug|Any CPU
		{098AECC1-143B-4547-ABA2-8ABEBE141D13}.Debug|Any CPU.Build.0 = Debug|Any CPU
		{098AECC1-143B-4547-ABA2-8ABEBE141D13}.Release|Any CPU.ActiveCfg = Release|Any CPU
		{098AECC1-143B-4547-ABA2-8ABEBE141D13}.Release|Any CPU.Build.0 = Release|Any CPU
		{EAEDE208-5389-4D00-BFB0-87966212A2CB}.Debug|Any CPU.ActiveCfg = Debug|Any CPU
		{EAEDE208-5389-4D00-BFB0-87966212A2CB}.Debug|Any CPU.Build.0 = Debug|Any CPU
		{EAEDE208-5389-4D00-BFB0-87966212A2CB}.Release|Any CPU.ActiveCfg = Release|Any CPU
		{EAEDE208-5389-4D00-BFB0-87966212A2CB}.Release|Any CPU.Build.0 = Release|Any CPU
		{955AC7BC-2154-42DE-BD77-313BBA1C93BB}.Debug|Any CPU.ActiveCfg = Debug|Any CPU
		{955AC7BC-2154-42DE-BD77-313BBA1C93BB}.Debug|Any CPU.Build.0 = Debug|Any CPU
		{955AC7BC-2154-42DE-BD77-313BBA1C93BB}.Release|Any CPU.ActiveCfg = Release|Any CPU
		{955AC7BC-2154-42DE-BD77-313BBA1C93BB}.Release|Any CPU.Build.0 = Release|Any CPU
		{A3CC8D25-62FB-4EF7-A074-9E3569608635}.Debug|Any CPU.ActiveCfg = Debug|Any CPU
		{A3CC8D25-62FB-4EF7-A074-9E3569608635}.Debug|Any CPU.Build.0 = Debug|Any CPU
		{A3CC8D25-62FB-4EF7-A074-9E3569608635}.Release|Any CPU.ActiveCfg = Release|Any CPU
		{A3CC8D25-62FB-4EF7-A074-9E3569608635}.Release|Any CPU.Build.0 = Release|Any CPU
		{BFA59496-08C4-4D41-B57A-67C2AA92867E}.Debug|Any CPU.ActiveCfg = Debug|Any CPU
		{BFA59496-08C4-4D41-B57A-67C2AA92867E}.Debug|Any CPU.Build.0 = Debug|Any CPU
		{BFA59496-08C4-4D41-B57A-67C2AA92867E}.Release|Any CPU.ActiveCfg = Release|Any CPU
		{BFA59496-08C4-4D41-B57A-67C2AA92867E}.Release|Any CPU.Build.0 = Release|Any CPU
		{0CC2050D-D196-42BD-A9E8-1BB11EFAC86C}.Debug|Any CPU.ActiveCfg = Debug|Any CPU
		{0CC2050D-D196-42BD-A9E8-1BB11EFAC86C}.Debug|Any CPU.Build.0 = Debug|Any CPU
		{0CC2050D-D196-42BD-A9E8-1BB11EFAC86C}.Release|Any CPU.ActiveCfg = Release|Any CPU
		{0CC2050D-D196-42BD-A9E8-1BB11EFAC86C}.Release|Any CPU.Build.0 = Release|Any CPU
		{B11FA205-983E-4989-AD4C-45C84A7C5A61}.Debug|Any CPU.ActiveCfg = Debug|Any CPU
		{B11FA205-983E-4989-AD4C-45C84A7C5A61}.Debug|Any CPU.Build.0 = Debug|Any CPU
		{B11FA205-983E-4989-AD4C-45C84A7C5A61}.Release|Any CPU.ActiveCfg = Release|Any CPU
		{B11FA205-983E-4989-AD4C-45C84A7C5A61}.Release|Any CPU.Build.0 = Release|Any CPU
		{F779A302-6B37-4FF1-80A4-E26782DFD7D2}.Debug|Any CPU.ActiveCfg = Debug|Any CPU
		{F779A302-6B37-4FF1-80A4-E26782DFD7D2}.Debug|Any CPU.Build.0 = Debug|Any CPU
		{F779A302-6B37-4FF1-80A4-E26782DFD7D2}.Release|Any CPU.ActiveCfg = Release|Any CPU
		{F779A302-6B37-4FF1-80A4-E26782DFD7D2}.Release|Any CPU.Build.0 = Release|Any CPU
	EndGlobalSection
	GlobalSection(SolutionProperties) = preSolution
		HideSolutionNode = FALSE
	EndGlobalSection
	GlobalSection(NestedProjects) = preSolution
		{ACB3B4EE-FBD4-479B-9F72-602D27339C28} = {D46F6D0C-DC71-4244-86C8-D6D2FC4580C5}
		{54E1163A-A8A4-4C48-92EA-9A757F88035F} = {84C9E772-ECEF-4B08-8420-509E6D46C313}
		{359EAC10-E33B-42A6-AA76-6B0BE88572D4} = {1596C15E-B2A2-4A2B-A9B5-EDEFA05DD67D}
		{6DC976FF-7F69-47F5-9579-DE11B6F30924} = {9B9DBFE5-F87F-4388-B3D7-27AF31924B06}
		{5901534B-7F9C-4497-B4A9-158F4DD1A23A} = {6DC976FF-7F69-47F5-9579-DE11B6F30924}
		{BFE312F6-0AAD-4C96-9A55-0F1C93266133} = {6DC976FF-7F69-47F5-9579-DE11B6F30924}
		{EBA5B476-4381-4496-8DE1-7D88D56E5267} = {6DC976FF-7F69-47F5-9579-DE11B6F30924}
		{E4BF213A-4A4E-40DA-A83E-B7C24E69BEAD} = {6DC976FF-7F69-47F5-9579-DE11B6F30924}
		{098AECC1-143B-4547-ABA2-8ABEBE141D13} = {5901534B-7F9C-4497-B4A9-158F4DD1A23A}
		{EAEDE208-5389-4D00-BFB0-87966212A2CB} = {EBA5B476-4381-4496-8DE1-7D88D56E5267}
		{955AC7BC-2154-42DE-BD77-313BBA1C93BB} = {E4BF213A-4A4E-40DA-A83E-B7C24E69BEAD}
		{A3CC8D25-62FB-4EF7-A074-9E3569608635} = {BFE312F6-0AAD-4C96-9A55-0F1C93266133}
		{562A5396-7AD5-41B3-B16D-0482868E9340} = {9B9DBFE5-F87F-4388-B3D7-27AF31924B06}
		{5DBF8134-A729-447F-B04E-C54D468C2B86} = {562A5396-7AD5-41B3-B16D-0482868E9340}
		{73D4E07D-F875-4675-9212-D86DCB356F76} = {562A5396-7AD5-41B3-B16D-0482868E9340}
		{128E4816-B4EC-406F-98C3-3A0DBD8D8A5D} = {562A5396-7AD5-41B3-B16D-0482868E9340}
		{8855C2F3-96FE-48F5-83A5-CAA2A351D54E} = {562A5396-7AD5-41B3-B16D-0482868E9340}
		{BFA59496-08C4-4D41-B57A-67C2AA92867E} = {5DBF8134-A729-447F-B04E-C54D468C2B86}
		{0CC2050D-D196-42BD-A9E8-1BB11EFAC86C} = {73D4E07D-F875-4675-9212-D86DCB356F76}
		{B11FA205-983E-4989-AD4C-45C84A7C5A61} = {8855C2F3-96FE-48F5-83A5-CAA2A351D54E}
		{F779A302-6B37-4FF1-80A4-E26782DFD7D2} = {128E4816-B4EC-406F-98C3-3A0DBD8D8A5D}
	EndGlobalSection
	GlobalSection(ExtensibilityGlobals) = postSolution
		SolutionGuid = {A88E6886-26ED-428A-8D90-7BED3B5F3801}
	EndGlobalSection
EndGlobal
