
Microsoft Visual Studio Solution File, Format Version 12.00
# Visual Studio 15
VisualStudioVersion = 15.0.28307.645
MinimumVisualStudioVersion = 10.0.40219.1
Project("{2150E333-8FDC-42A3-9474-1A3956D46DE8}") = "Microservices", "Microservices", "{9B9DBFE5-F87F-4388-B3D7-27AF31924B06}"
EndProject
Project("{2150E333-8FDC-42A3-9474-1A3956D46DE8}") = "Domain", "Domain", "{D46F6D0C-DC71-4244-86C8-D6D2FC4580C5}"
EndProject
Project("{2150E333-8FDC-42A3-9474-1A3956D46DE8}") = "Infrastructure.Bus", "Infrastructure.Bus", "{84C9E772-ECEF-4B08-8420-509E6D46C313}"
EndProject
Project("{2150E333-8FDC-42A3-9474-1A3956D46DE8}") = "Infrastructure.IoC", "Infrastructure.IoC", "{1596C15E-B2A2-4A2B-A9B5-EDEFA05DD67D}"
EndProject
Project("{2150E333-8FDC-42A3-9474-1A3956D46DE8}") = "Presentation", "Presentation", "{D6E6BC51-66E6-4B57-9FC0-533ACEC42454}"
EndProject
Project("{9A19103F-16F7-4668-BE54-9A1E7A4F7556}") = "MicroservicesRabbit.Domain.Core", "Domain\MicroservicesRabbit.Domain.Core\MicroservicesRabbit.Domain.Core.csproj", "{ACB3B4EE-FBD4-479B-9F72-602D27339C28}"
EndProject
Project("{FAE04EC0-301F-11D3-BF4B-00C04F79EFBC}") = "MicroservicesRabbit.Infra.Bus", "Infrastructure.Bus\MicroservicesRabbit.Infra.Bus\MicroservicesRabbit.Infra.Bus.csproj", "{54E1163A-A8A4-4C48-92EA-9A757F88035F}"
EndProject
Project("{FAE04EC0-301F-11D3-BF4B-00C04F79EFBC}") = "MicroServicesRabbit.Infra.IoC", "Infrastructure.IoC\MicroServicesRabbit.Infra.IoC\MicroServicesRabbit.Infra.IoC.csproj", "{359EAC10-E33B-42A6-AA76-6B0BE88572D4}"
EndProject
Global
	GlobalSection(SolutionConfigurationPlatforms) = preSolution
		Debug|Any CPU = Debug|Any CPU
		Release|Any CPU = Release|Any CPU
	EndGlobalSection
	GlobalSection(ProjectConfigurationPlatforms) = postSolution
		{ACB3B4EE-FBD4-479B-9F72-602D27339C28}.Debug|Any CPU.ActiveCfg = Debug|Any CPU
		{ACB3B4EE-FBD4-479B-9F72-602D27339C28}.Debug|Any CPU.Build.0 = Debug|Any CPU
		{ACB3B4EE-FBD4-479B-9F72-602D27339C28}.Release|Any CPU.ActiveCfg = Release|Any CPU
		{ACB3B4EE-FBD4-479B-9F72-602D27339C28}.Release|Any CPU.Build.0 = Release|Any CPU
		{54E1163A-A8A4-4C48-92EA-9A757F88035F}.Debug|Any CPU.ActiveCfg = Debug|Any CPU
		{54E1163A-A8A4-4C48-92EA-9A757F88035F}.Debug|Any CPU.Build.0 = Debug|Any CPU
		{54E1163A-A8A4-4C48-92EA-9A757F88035F}.Release|Any CPU.ActiveCfg = Release|Any CPU
		{54E1163A-A8A4-4C48-92EA-9A757F88035F}.Release|Any CPU.Build.0 = Release|Any CPU
		{359EAC10-E33B-42A6-AA76-6B0BE88572D4}.Debug|Any CPU.ActiveCfg = Debug|Any CPU
		{359EAC10-E33B-42A6-AA76-6B0BE88572D4}.Debug|Any CPU.Build.0 = Debug|Any CPU
		{359EAC10-E33B-42A6-AA76-6B0BE88572D4}.Release|Any CPU.ActiveCfg = Release|Any CPU
		{359EAC10-E33B-42A6-AA76-6B0BE88572D4}.Release|Any CPU.Build.0 = Release|Any CPU
	EndGlobalSection
	GlobalSection(SolutionProperties) = preSolution
		HideSolutionNode = FALSE
	EndGlobalSection
	GlobalSection(NestedProjects) = preSolution
		{ACB3B4EE-FBD4-479B-9F72-602D27339C28} = {D46F6D0C-DC71-4244-86C8-D6D2FC4580C5}
		{54E1163A-A8A4-4C48-92EA-9A757F88035F} = {84C9E772-ECEF-4B08-8420-509E6D46C313}
		{359EAC10-E33B-42A6-AA76-6B0BE88572D4} = {1596C15E-B2A2-4A2B-A9B5-EDEFA05DD67D}
	EndGlobalSection
	GlobalSection(ExtensibilityGlobals) = postSolution
		SolutionGuid = {A88E6886-26ED-428A-8D90-7BED3B5F3801}
	EndGlobalSection
EndGlobal
